
Microsoft Visual Studio Solution File, Format Version 12.00
# Visual Studio 15
VisualStudioVersion = 15.0.28307.960
MinimumVisualStudioVersion = 10.0.40219.1
Project("{8BC9CEB8-8B4A-11D0-8D11-00A0C91BC942}") = "OpenCV Project5", "OpenCV Project5\OpenCV Project5.vcxproj", "{BB14FB12-0F95-40C8-A751-F125B4935611}"
EndProject
Global
	GlobalSection(SolutionConfigurationPlatforms) = preSolution
		Debug|x64 = Debug|x64
		Debug|x86 = Debug|x86
		Release|x64 = Release|x64
		Release|x86 = Release|x86
	EndGlobalSection
	GlobalSection(ProjectConfigurationPlatforms) = postSolution
		{BB14FB12-0F95-40C8-A751-F125B4935611}.Debug|x64.ActiveCfg = Debug|x64
		{BB14FB12-0F95-40C8-A751-F125B4935611}.Debug|x64.Build.0 = Debug|x64
		{BB14FB12-0F95-40C8-A751-F125B4935611}.Debug|x86.ActiveCfg = Debug|Win32
		{BB14FB12-0F95-40C8-A751-F125B4935611}.Debug|x86.Build.0 = Debug|Win32
		{BB14FB12-0F95-40C8-A751-F125B4935611}.Release|x64.ActiveCfg = Release|x64
		{BB14FB12-0F95-40C8-A751-F125B4935611}.Release|x64.Build.0 = Release|x64
		{BB14FB12-0F95-40C8-A751-F125B4935611}.Release|x86.ActiveCfg = Release|Win32
		{BB14FB12-0F95-40C8-A751-F125B4935611}.Release|x86.Build.0 = Release|Win32
	EndGlobalSection
	GlobalSection(SolutionProperties) = preSolution
		HideSolutionNode = FALSE
	EndGlobalSection
	GlobalSection(ExtensibilityGlobals) = postSolution
		SolutionGuid = {F255606F-68FD-4234-80F1-5625E81133D8}
	EndGlobalSection
EndGlobal
